
Microsoft Visual Studio Solution File, Format Version 12.00
# Visual Studio Version 16
VisualStudioVersion = 16.0.31911.196
MinimumVisualStudioVersion = 10.0.40219.1
Project("{9A19103F-16F7-4668-BE54-9A1E7A4F7556}") = "DataAccess", "DataAccess\DataAccess.csproj", "{9FD25E66-C426-41D6-9D64-9BF08EC4385C}"
EndProject
Project("{9A19103F-16F7-4668-BE54-9A1E7A4F7556}") = "Business", "Business\Business.csproj", "{76A0133F-B582-4E26-8118-0D28AEE34EB6}"
EndProject
Project("{9A19103F-16F7-4668-BE54-9A1E7A4F7556}") = "Entities", "Entities\Entities.csproj", "{2FD86B00-A4EF-4E2B-BE61-8863A11D548A}"
EndProject
Project("{9A19103F-16F7-4668-BE54-9A1E7A4F7556}") = "ConsoleUI", "ConsoleUI\ConsoleUI.csproj", "{A1FBC92E-A9BF-49A9-ADE2-A17720F3A988}"
EndProject
Project("{FAE04EC0-301F-11D3-BF4B-00C04F79EFBC}") = "Core", "Core\Core.csproj", "{85010434-8CF2-469B-8976-FBA15F14E2A7}"
EndProject
Global
	GlobalSection(SolutionConfigurationPlatforms) = preSolution
		Debug|Any CPU = Debug|Any CPU
		Release|Any CPU = Release|Any CPU
	EndGlobalSection
	GlobalSection(ProjectConfigurationPlatforms) = postSolution
		{9FD25E66-C426-41D6-9D64-9BF08EC4385C}.Debug|Any CPU.ActiveCfg = Debug|Any CPU
		{9FD25E66-C426-41D6-9D64-9BF08EC4385C}.Debug|Any CPU.Build.0 = Debug|Any CPU
		{9FD25E66-C426-41D6-9D64-9BF08EC4385C}.Release|Any CPU.ActiveCfg = Release|Any CPU
		{9FD25E66-C426-41D6-9D64-9BF08EC4385C}.Release|Any CPU.Build.0 = Release|Any CPU
		{76A0133F-B582-4E26-8118-0D28AEE34EB6}.Debug|Any CPU.ActiveCfg = Debug|Any CPU
		{76A0133F-B582-4E26-8118-0D28AEE34EB6}.Debug|Any CPU.Build.0 = Debug|Any CPU
		{76A0133F-B582-4E26-8118-0D28AEE34EB6}.Release|Any CPU.ActiveCfg = Release|Any CPU
		{76A0133F-B582-4E26-8118-0D28AEE34EB6}.Release|Any CPU.Build.0 = Release|Any CPU
		{2FD86B00-A4EF-4E2B-BE61-8863A11D548A}.Debug|Any CPU.ActiveCfg = Debug|Any CPU
		{2FD86B00-A4EF-4E2B-BE61-8863A11D548A}.Debug|Any CPU.Build.0 = Debug|Any CPU
		{2FD86B00-A4EF-4E2B-BE61-8863A11D548A}.Release|Any CPU.ActiveCfg = Release|Any CPU
		{2FD86B00-A4EF-4E2B-BE61-8863A11D548A}.Release|Any CPU.Build.0 = Release|Any CPU
		{A1FBC92E-A9BF-49A9-ADE2-A17720F3A988}.Debug|Any CPU.ActiveCfg = Debug|Any CPU
		{A1FBC92E-A9BF-49A9-ADE2-A17720F3A988}.Debug|Any CPU.Build.0 = Debug|Any CPU
		{A1FBC92E-A9BF-49A9-ADE2-A17720F3A988}.Release|Any CPU.ActiveCfg = Release|Any CPU
		{A1FBC92E-A9BF-49A9-ADE2-A17720F3A988}.Release|Any CPU.Build.0 = Release|Any CPU
		{85010434-8CF2-469B-8976-FBA15F14E2A7}.Debug|Any CPU.ActiveCfg = Debug|Any CPU
		{85010434-8CF2-469B-8976-FBA15F14E2A7}.Debug|Any CPU.Build.0 = Debug|Any CPU
		{85010434-8CF2-469B-8976-FBA15F14E2A7}.Release|Any CPU.ActiveCfg = Release|Any CPU
		{85010434-8CF2-469B-8976-FBA15F14E2A7}.Release|Any CPU.Build.0 = Release|Any CPU
	EndGlobalSection
	GlobalSection(SolutionProperties) = preSolution
		HideSolutionNode = FALSE
	EndGlobalSection
	GlobalSection(ExtensibilityGlobals) = postSolution
		SolutionGuid = {CE2101C9-13E5-4361-BE9A-D6BA830DC5B0}
	EndGlobalSection
EndGlobal
